
Microsoft Visual Studio Solution File, Format Version 12.00
# Visual Studio 2013
VisualStudioVersion = 12.0.30723.0
MinimumVisualStudioVersion = 10.0.40219.1
Project("{FAE04EC0-301F-11D3-BF4B-00C04F79EFBC}") = "DontBlink.API", "DontBlink.API\DontBlink.API.csproj", "{3B25794E-4B33-4BD2-A2C4-C1265A6A13FE}"
EndProject
Project("{262852C6-CD72-467D-83FE-5EEB1973A190}") = "DontBlink.App", "DontBlink.App\DontBlink.App.jsproj", "{23BEC7DF-4500-4613-A888-4211D4D3BE70}"
EndProject
Global
	GlobalSection(SolutionConfigurationPlatforms) = preSolution
		Debug|Android = Debug|Android
		Debug|Any CPU = Debug|Any CPU
		Debug|iOS = Debug|iOS
		Debug|Mixed Platforms = Debug|Mixed Platforms
		Debug|Windows Phone = Debug|Windows Phone
		Debug|Windows-AnyCPU = Debug|Windows-AnyCPU
		Debug|Windows-ARM = Debug|Windows-ARM
		Debug|Windows-x64 = Debug|Windows-x64
		Debug|Windows-x86 = Debug|Windows-x86
		Distribution|Android = Distribution|Android
		Distribution|Any CPU = Distribution|Any CPU
		Distribution|iOS = Distribution|iOS
		Distribution|Mixed Platforms = Distribution|Mixed Platforms
		Distribution|Windows Phone = Distribution|Windows Phone
		Distribution|Windows-AnyCPU = Distribution|Windows-AnyCPU
		Distribution|Windows-ARM = Distribution|Windows-ARM
		Distribution|Windows-x64 = Distribution|Windows-x64
		Distribution|Windows-x86 = Distribution|Windows-x86
		Release|Android = Release|Android
		Release|Any CPU = Release|Any CPU
		Release|iOS = Release|iOS
		Release|Mixed Platforms = Release|Mixed Platforms
		Release|Windows Phone = Release|Windows Phone
		Release|Windows-AnyCPU = Release|Windows-AnyCPU
		Release|Windows-ARM = Release|Windows-ARM
		Release|Windows-x64 = Release|Windows-x64
		Release|Windows-x86 = Release|Windows-x86
	EndGlobalSection
	GlobalSection(ProjectConfigurationPlatforms) = postSolution
		{3B25794E-4B33-4BD2-A2C4-C1265A6A13FE}.Debug|Android.ActiveCfg = Debug|Any CPU
		{3B25794E-4B33-4BD2-A2C4-C1265A6A13FE}.Debug|Any CPU.ActiveCfg = Debug|Any CPU
		{3B25794E-4B33-4BD2-A2C4-C1265A6A13FE}.Debug|Any CPU.Build.0 = Debug|Any CPU
		{3B25794E-4B33-4BD2-A2C4-C1265A6A13FE}.Debug|iOS.ActiveCfg = Debug|Any CPU
		{3B25794E-4B33-4BD2-A2C4-C1265A6A13FE}.Debug|Mixed Platforms.ActiveCfg = Debug|Any CPU
		{3B25794E-4B33-4BD2-A2C4-C1265A6A13FE}.Debug|Mixed Platforms.Build.0 = Debug|Any CPU
		{3B25794E-4B33-4BD2-A2C4-C1265A6A13FE}.Debug|Windows Phone.ActiveCfg = Debug|Any CPU
		{3B25794E-4B33-4BD2-A2C4-C1265A6A13FE}.Debug|Windows-AnyCPU.ActiveCfg = Debug|Any CPU
		{3B25794E-4B33-4BD2-A2C4-C1265A6A13FE}.Debug|Windows-ARM.ActiveCfg = Debug|Any CPU
		{3B25794E-4B33-4BD2-A2C4-C1265A6A13FE}.Debug|Windows-x64.ActiveCfg = Debug|Any CPU
		{3B25794E-4B33-4BD2-A2C4-C1265A6A13FE}.Debug|Windows-x86.ActiveCfg = Debug|Any CPU
		{3B25794E-4B33-4BD2-A2C4-C1265A6A13FE}.Distribution|Android.ActiveCfg = Debug|Any CPU
		{3B25794E-4B33-4BD2-A2C4-C1265A6A13FE}.Distribution|Any CPU.ActiveCfg = Debug|Any CPU
		{3B25794E-4B33-4BD2-A2C4-C1265A6A13FE}.Distribution|Any CPU.Build.0 = Debug|Any CPU
		{3B25794E-4B33-4BD2-A2C4-C1265A6A13FE}.Distribution|iOS.ActiveCfg = Debug|Any CPU
		{3B25794E-4B33-4BD2-A2C4-C1265A6A13FE}.Distribution|Mixed Platforms.ActiveCfg = Debug|Any CPU
		{3B25794E-4B33-4BD2-A2C4-C1265A6A13FE}.Distribution|Mixed Platforms.Build.0 = Debug|Any CPU
		{3B25794E-4B33-4BD2-A2C4-C1265A6A13FE}.Distribution|Windows Phone.ActiveCfg = Debug|Any CPU
		{3B25794E-4B33-4BD2-A2C4-C1265A6A13FE}.Distribution|Windows-AnyCPU.ActiveCfg = Debug|Any CPU
		{3B25794E-4B33-4BD2-A2C4-C1265A6A13FE}.Distribution|Windows-ARM.ActiveCfg = Debug|Any CPU
		{3B25794E-4B33-4BD2-A2C4-C1265A6A13FE}.Distribution|Windows-x64.ActiveCfg = Debug|Any CPU
		{3B25794E-4B33-4BD2-A2C4-C1265A6A13FE}.Distribution|Windows-x86.ActiveCfg = Debug|Any CPU
		{3B25794E-4B33-4BD2-A2C4-C1265A6A13FE}.Release|Android.ActiveCfg = Release|Any CPU
		{3B25794E-4B33-4BD2-A2C4-C1265A6A13FE}.Release|Any CPU.ActiveCfg = Release|Any CPU
		{3B25794E-4B33-4BD2-A2C4-C1265A6A13FE}.Release|Any CPU.Build.0 = Release|Any CPU
		{3B25794E-4B33-4BD2-A2C4-C1265A6A13FE}.Release|iOS.ActiveCfg = Release|Any CPU
		{3B25794E-4B33-4BD2-A2C4-C1265A6A13FE}.Release|Mixed Platforms.ActiveCfg = Release|Any CPU
		{3B25794E-4B33-4BD2-A2C4-C1265A6A13FE}.Release|Mixed Platforms.Build.0 = Release|Any CPU
		{3B25794E-4B33-4BD2-A2C4-C1265A6A13FE}.Release|Windows Phone.ActiveCfg = Release|Any CPU
		{3B25794E-4B33-4BD2-A2C4-C1265A6A13FE}.Release|Windows-AnyCPU.ActiveCfg = Release|Any CPU
		{3B25794E-4B33-4BD2-A2C4-C1265A6A13FE}.Release|Windows-ARM.ActiveCfg = Release|Any CPU
		{3B25794E-4B33-4BD2-A2C4-C1265A6A13FE}.Release|Windows-x64.ActiveCfg = Release|Any CPU
		{3B25794E-4B33-4BD2-A2C4-C1265A6A13FE}.Release|Windows-x86.ActiveCfg = Release|Any CPU
		{23BEC7DF-4500-4613-A888-4211D4D3BE70}.Debug|Android.ActiveCfg = Debug|Android
		{23BEC7DF-4500-4613-A888-4211D4D3BE70}.Debug|Android.Build.0 = Debug|Android
		{23BEC7DF-4500-4613-A888-4211D4D3BE70}.Debug|Android.Deploy.0 = Debug|Android
		{23BEC7DF-4500-4613-A888-4211D4D3BE70}.Debug|Any CPU.ActiveCfg = Debug|Android
		{23BEC7DF-4500-4613-A888-4211D4D3BE70}.Debug|iOS.ActiveCfg = Debug|iOS
		{23BEC7DF-4500-4613-A888-4211D4D3BE70}.Debug|iOS.Build.0 = Debug|iOS
		{23BEC7DF-4500-4613-A888-4211D4D3BE70}.Debug|iOS.Deploy.0 = Debug|iOS
		{23BEC7DF-4500-4613-A888-4211D4D3BE70}.Debug|Mixed Platforms.ActiveCfg = Debug|Android
		{23BEC7DF-4500-4613-A888-4211D4D3BE70}.Debug|Mixed Platforms.Build.0 = Debug|Android
		{23BEC7DF-4500-4613-A888-4211D4D3BE70}.Debug|Mixed Platforms.Deploy.0 = Debug|Android
		{23BEC7DF-4500-4613-A888-4211D4D3BE70}.Debug|Windows Phone.ActiveCfg = Debug|Windows Phone
		{23BEC7DF-4500-4613-A888-4211D4D3BE70}.Debug|Windows Phone.Build.0 = Debug|Windows Phone
		{23BEC7DF-4500-4613-A888-4211D4D3BE70}.Debug|Windows Phone.Deploy.0 = Debug|Windows Phone
		{23BEC7DF-4500-4613-A888-4211D4D3BE70}.Debug|Windows-AnyCPU.ActiveCfg = Debug|Windows-AnyCPU
		{23BEC7DF-4500-4613-A888-4211D4D3BE70}.Debug|Windows-AnyCPU.Build.0 = Debug|Windows-AnyCPU
		{23BEC7DF-4500-4613-A888-4211D4D3BE70}.Debug|Windows-AnyCPU.Deploy.0 = Debug|Windows-AnyCPU
		{23BEC7DF-4500-4613-A888-4211D4D3BE70}.Debug|Windows-ARM.ActiveCfg = Debug|Windows-ARM
		{23BEC7DF-4500-4613-A888-4211D4D3BE70}.Debug|Windows-ARM.Build.0 = Debug|Windows-ARM
		{23BEC7DF-4500-4613-A888-4211D4D3BE70}.Debug|Windows-ARM.Deploy.0 = Debug|Windows-ARM
		{23BEC7DF-4500-4613-A888-4211D4D3BE70}.Debug|Windows-x64.ActiveCfg = Debug|Windows-x64
		{23BEC7DF-4500-4613-A888-4211D4D3BE70}.Debug|Windows-x64.Build.0 = Debug|Windows-x64
		{23BEC7DF-4500-4613-A888-4211D4D3BE70}.Debug|Windows-x64.Deploy.0 = Debug|Windows-x64
		{23BEC7DF-4500-4613-A888-4211D4D3BE70}.Debug|Windows-x86.ActiveCfg = Debug|Windows-x86
		{23BEC7DF-4500-4613-A888-4211D4D3BE70}.Debug|Windows-x86.Build.0 = Debug|Windows-x86
		{23BEC7DF-4500-4613-A888-4211D4D3BE70}.Debug|Windows-x86.Deploy.0 = Debug|Windows-x86
		{23BEC7DF-4500-4613-A888-4211D4D3BE70}.Distribution|Android.ActiveCfg = Distribution|Android
		{23BEC7DF-4500-4613-A888-4211D4D3BE70}.Distribution|Android.Build.0 = Distribution|Android
		{23BEC7DF-4500-4613-A888-4211D4D3BE70}.Distribution|Android.Deploy.0 = Distribution|Android
		{23BEC7DF-4500-4613-A888-4211D4D3BE70}.Distribution|Any CPU.ActiveCfg = Distribution|Android
		{23BEC7DF-4500-4613-A888-4211D4D3BE70}.Distribution|iOS.ActiveCfg = Distribution|iOS
		{23BEC7DF-4500-4613-A888-4211D4D3BE70}.Distribution|iOS.Build.0 = Distribution|iOS
		{23BEC7DF-4500-4613-A888-4211D4D3BE70}.Distribution|iOS.Deploy.0 = Distribution|iOS
		{23BEC7DF-4500-4613-A888-4211D4D3BE70}.Distribution|Mixed Platforms.ActiveCfg = Distribution|Android
		{23BEC7DF-4500-4613-A888-4211D4D3BE70}.Distribution|Mixed Platforms.Build.0 = Distribution|Android
		{23BEC7DF-4500-4613-A888-4211D4D3BE70}.Distribution|Mixed Platforms.Deploy.0 = Distribution|Android
		{23BEC7DF-4500-4613-A888-4211D4D3BE70}.Distribution|Windows Phone.ActiveCfg = Distribution|Windows Phone
		{23BEC7DF-4500-4613-A888-4211D4D3BE70}.Distribution|Windows Phone.Build.0 = Distribution|Windows Phone
		{23BEC7DF-4500-4613-A888-4211D4D3BE70}.Distribution|Windows Phone.Deploy.0 = Distribution|Windows Phone
		{23BEC7DF-4500-4613-A888-4211D4D3BE70}.Distribution|Windows-AnyCPU.ActiveCfg = Distribution|Windows-AnyCPU
		{23BEC7DF-4500-4613-A888-4211D4D3BE70}.Distribution|Windows-AnyCPU.Build.0 = Distribution|Windows-AnyCPU
		{23BEC7DF-4500-4613-A888-4211D4D3BE70}.Distribution|Windows-AnyCPU.Deploy.0 = Distribution|Windows-AnyCPU
		{23BEC7DF-4500-4613-A888-4211D4D3BE70}.Distribution|Windows-ARM.ActiveCfg = Distribution|Windows-ARM
		{23BEC7DF-4500-4613-A888-4211D4D3BE70}.Distribution|Windows-ARM.Build.0 = Distribution|Windows-ARM
		{23BEC7DF-4500-4613-A888-4211D4D3BE70}.Distribution|Windows-ARM.Deploy.0 = Distribution|Windows-ARM
		{23BEC7DF-4500-4613-A888-4211D4D3BE70}.Distribution|Windows-x64.ActiveCfg = Distribution|Windows-x64
		{23BEC7DF-4500-4613-A888-4211D4D3BE70}.Distribution|Windows-x64.Build.0 = Distribution|Windows-x64
		{23BEC7DF-4500-4613-A888-4211D4D3BE70}.Distribution|Windows-x64.Deploy.0 = Distribution|Windows-x64
		{23BEC7DF-4500-4613-A888-4211D4D3BE70}.Distribution|Windows-x86.ActiveCfg = Distribution|Windows-x86
		{23BEC7DF-4500-4613-A888-4211D4D3BE70}.Distribution|Windows-x86.Build.0 = Distribution|Windows-x86
		{23BEC7DF-4500-4613-A888-4211D4D3BE70}.Distribution|Windows-x86.Deploy.0 = Distribution|Windows-x86
		{23BEC7DF-4500-4613-A888-4211D4D3BE70}.Release|Android.ActiveCfg = Release|Android
		{23BEC7DF-4500-4613-A888-4211D4D3BE70}.Release|Android.Build.0 = Release|Android
		{23BEC7DF-4500-4613-A888-4211D4D3BE70}.Release|Android.Deploy.0 = Release|Android
		{23BEC7DF-4500-4613-A888-4211D4D3BE70}.Release|Any CPU.ActiveCfg = Release|Android
		{23BEC7DF-4500-4613-A888-4211D4D3BE70}.Release|iOS.ActiveCfg = Release|iOS
		{23BEC7DF-4500-4613-A888-4211D4D3BE70}.Release|iOS.Build.0 = Release|iOS
		{23BEC7DF-4500-4613-A888-4211D4D3BE70}.Release|iOS.Deploy.0 = Release|iOS
		{23BEC7DF-4500-4613-A888-4211D4D3BE70}.Release|Mixed Platforms.ActiveCfg = Release|Android
		{23BEC7DF-4500-4613-A888-4211D4D3BE70}.Release|Mixed Platforms.Build.0 = Release|Android
		{23BEC7DF-4500-4613-A888-4211D4D3BE70}.Release|Mixed Platforms.Deploy.0 = Release|Android
		{23BEC7DF-4500-4613-A888-4211D4D3BE70}.Release|Windows Phone.ActiveCfg = Release|Windows Phone
		{23BEC7DF-4500-4613-A888-4211D4D3BE70}.Release|Windows Phone.Build.0 = Release|Windows Phone
		{23BEC7DF-4500-4613-A888-4211D4D3BE70}.Release|Windows Phone.Deploy.0 = Release|Windows Phone
		{23BEC7DF-4500-4613-A888-4211D4D3BE70}.Release|Windows-AnyCPU.ActiveCfg = Release|Windows-AnyCPU
		{23BEC7DF-4500-4613-A888-4211D4D3BE70}.Release|Windows-AnyCPU.Build.0 = Release|Windows-AnyCPU
		{23BEC7DF-4500-4613-A888-4211D4D3BE70}.Release|Windows-AnyCPU.Deploy.0 = Release|Windows-AnyCPU
		{23BEC7DF-4500-4613-A888-4211D4D3BE70}.Release|Windows-ARM.ActiveCfg = Release|Windows-ARM
		{23BEC7DF-4500-4613-A888-4211D4D3BE70}.Release|Windows-ARM.Build.0 = Release|Windows-ARM
		{23BEC7DF-4500-4613-A888-4211D4D3BE70}.Release|Windows-ARM.Deploy.0 = Release|Windows-ARM
		{23BEC7DF-4500-4613-A888-4211D4D3BE70}.Release|Windows-x64.ActiveCfg = Release|Windows-x64
		{23BEC7DF-4500-4613-A888-4211D4D3BE70}.Release|Windows-x64.Build.0 = Release|Windows-x64
		{23BEC7DF-4500-4613-A888-4211D4D3BE70}.Release|Windows-x64.Deploy.0 = Release|Windows-x64
		{23BEC7DF-4500-4613-A888-4211D4D3BE70}.Release|Windows-x86.ActiveCfg = Release|Windows-x86
		{23BEC7DF-4500-4613-A888-4211D4D3BE70}.Release|Windows-x86.Build.0 = Release|Windows-x86
		{23BEC7DF-4500-4613-A888-4211D4D3BE70}.Release|Windows-x86.Deploy.0 = Release|Windows-x86
	EndGlobalSection
	GlobalSection(SolutionProperties) = preSolution
		HideSolutionNode = FALSE
	EndGlobalSection
EndGlobal
